
Microsoft Visual Studio Solution File, Format Version 12.00
# Visual Studio Version 16
VisualStudioVersion = 16.0.30320.27
MinimumVisualStudioVersion = 10.0.40219.1
Project("{9A19103F-16F7-4668-BE54-9A1E7A4F7556}") = "TableReady.Core.App", "TableReady.Core.App\TableReady.Core.App.csproj", "{AA2EC6CD-B178-4D48-916F-C51631D06056}"
EndProject
Project("{9A19103F-16F7-4668-BE54-9A1E7A4F7556}") = "TableReady.Core.BLL", "TableReady.Core.BLL\TableReady.Core.BLL.csproj", "{B2A89529-46D0-4A05-BAA8-256510B46191}"
EndProject
Project("{9A19103F-16F7-4668-BE54-9A1E7A4F7556}") = "TableReady.Core.Data", "TableReady.Core.Data\TableReady.Core.Data.csproj", "{D1B79C1E-9F3E-43BE-BEC9-DE8057818FA9}"
EndProject
Global
	GlobalSection(SolutionConfigurationPlatforms) = preSolution
		Debug|Any CPU = Debug|Any CPU
		Release|Any CPU = Release|Any CPU
	EndGlobalSection
	GlobalSection(ProjectConfigurationPlatforms) = postSolution
		{AA2EC6CD-B178-4D48-916F-C51631D06056}.Debug|Any CPU.ActiveCfg = Debug|Any CPU
		{AA2EC6CD-B178-4D48-916F-C51631D06056}.Debug|Any CPU.Build.0 = Debug|Any CPU
		{AA2EC6CD-B178-4D48-916F-C51631D06056}.Release|Any CPU.ActiveCfg = Release|Any CPU
		{AA2EC6CD-B178-4D48-916F-C51631D06056}.Release|Any CPU.Build.0 = Release|Any CPU
		{B2A89529-46D0-4A05-BAA8-256510B46191}.Debug|Any CPU.ActiveCfg = Debug|Any CPU
		{B2A89529-46D0-4A05-BAA8-256510B46191}.Debug|Any CPU.Build.0 = Debug|Any CPU
		{B2A89529-46D0-4A05-BAA8-256510B46191}.Release|Any CPU.ActiveCfg = Release|Any CPU
		{B2A89529-46D0-4A05-BAA8-256510B46191}.Release|Any CPU.Build.0 = Release|Any CPU
		{D1B79C1E-9F3E-43BE-BEC9-DE8057818FA9}.Debug|Any CPU.ActiveCfg = Debug|Any CPU
		{D1B79C1E-9F3E-43BE-BEC9-DE8057818FA9}.Debug|Any CPU.Build.0 = Debug|Any CPU
		{D1B79C1E-9F3E-43BE-BEC9-DE8057818FA9}.Release|Any CPU.ActiveCfg = Release|Any CPU
		{D1B79C1E-9F3E-43BE-BEC9-DE8057818FA9}.Release|Any CPU.Build.0 = Release|Any CPU
	EndGlobalSection
	GlobalSection(SolutionProperties) = preSolution
		HideSolutionNode = FALSE
	EndGlobalSection
	GlobalSection(ExtensibilityGlobals) = postSolution
		SolutionGuid = {32528E64-1876-4D3C-9AB5-CDB2EB19159D}
	EndGlobalSection
EndGlobal
